// !$*UTF8*$!
{
	archiveVersion = 1;
	classes = {
	};
	objectVersion = 46;
	objects = {

/* Begin PBXBuildFile section */
		D3D7D3771B56D86400921DEF /* AppDelegate.swift in Sources */ = {isa = PBXBuildFile; fileRef = D3D7D3761B56D86400921DEF /* AppDelegate.swift */; };
		D3D7D3791B56D86400921DEF /* ViewController.swift in Sources */ = {isa = PBXBuildFile; fileRef = D3D7D3781B56D86400921DEF /* ViewController.swift */; };
		D3D7D37C1B56D86400921DEF /* Main.storyboard in Resources */ = {isa = PBXBuildFile; fileRef = D3D7D37A1B56D86400921DEF /* Main.storyboard */; };
		D3D7D37E1B56D86400921DEF /* Images.xcassets in Resources */ = {isa = PBXBuildFile; fileRef = D3D7D37D1B56D86400921DEF /* Images.xcassets */; };
		D3D7D3811B56D86500921DEF /* LaunchScreen.xib in Resources */ = {isa = PBXBuildFile; fileRef = D3D7D37F1B56D86500921DEF /* LaunchScreen.xib */; };
		D3D7D38D1B56D86500921DEF /* HackIndia_UITests.swift in Sources */ = {isa = PBXBuildFile; fileRef = D3D7D38C1B56D86500921DEF /* HackIndia_UITests.swift */; };
/* End PBXBuildFile section */

/* Begin PBXContainerItemProxy section */
		D3D7D3871B56D86500921DEF /* PBXContainerItemProxy */ = {
			isa = PBXContainerItemProxy;
			containerPortal = D3D7D3691B56D86400921DEF /* Project object */;
			proxyType = 1;
			remoteGlobalIDString = D3D7D3701B56D86400921DEF;
			remoteInfo = HackIndia_UI;
		};
/* End PBXContainerItemProxy section */

/* Begin PBXFileReference section */
		D3D7D3711B56D86400921DEF /* HackIndia_UI.app */ = {isa = PBXFileReference; explicitFileType = wrapper.application; includeInIndex = 0; path = HackIndia_UI.app; sourceTree = BUILT_PRODUCTS_DIR; };
		D3D7D3751B56D86400921DEF /* Info.plist */ = {isa = PBXFileReference; lastKnownFileType = text.plist.xml; path = Info.plist; sourceTree = "<group>"; };
		D3D7D3761B56D86400921DEF /* AppDelegate.swift */ = {isa = PBXFileReference; lastKnownFileType = sourcecode.swift; path = AppDelegate.swift; sourceTree = "<group>"; };
		D3D7D3781B56D86400921DEF /* ViewController.swift */ = {isa = PBXFileReference; lastKnownFileType = sourcecode.swift; path = ViewController.swift; sourceTree = "<group>"; };
		D3D7D37B1B56D86400921DEF /* Base */ = {isa = PBXFileReference; lastKnownFileType = file.storyboard; name = Base; path = Base.lproj/Main.storyboard; sourceTree = "<group>"; };
		D3D7D37D1B56D86400921DEF /* Images.xcassets */ = {isa = PBXFileReference; lastKnownFileType = folder.assetcatalog; path = Images.xcassets; sourceTree = "<group>"; };
		D3D7D3801B56D86500921DEF /* Base */ = {isa = PBXFileReference; lastKnownFileType = file.xib; name = Base; path = Base.lproj/LaunchScreen.xib; sourceTree = "<group>"; };
		D3D7D3861B56D86500921DEF /* HackIndia_UITests.xctest */ = {isa = PBXFileReference; explicitFileType = wrapper.cfbundle; includeInIndex = 0; path = HackIndia_UITests.xctest; sourceTree = BUILT_PRODUCTS_DIR; };
		D3D7D38B1B56D86500921DEF /* Info.plist */ = {isa = PBXFileReference; lastKnownFileType = text.plist.xml; path = Info.plist; sourceTree = "<group>"; };
		D3D7D38C1B56D86500921DEF /* HackIndia_UITests.swift */ = {isa = PBXFileReference; lastKnownFileType = sourcecode.swift; path = HackIndia_UITests.swift; sourceTree = "<group>"; };
/* End PBXFileReference section */

/* Begin PBXFrameworksBuildPhase section */
		D3D7D36E1B56D86400921DEF /* Frameworks */ = {
			isa = PBXFrameworksBuildPhase;
			buildActionMask = 2147483647;
			files = (
			);
			runOnlyForDeploymentPostprocessing = 0;
		};
		D3D7D3831B56D86500921DEF /* Frameworks */ = {
			isa = PBXFrameworksBuildPhase;
			buildActionMask = 2147483647;
			files = (
			);
			runOnlyForDeploymentPostprocessing = 0;
		};
/* End PBXFrameworksBuildPhase section */

/* Begin PBXGroup section */
		D3D7D3681B56D86400921DEF = {
			isa = PBXGroup;
			children = (
				D3D7D3731B56D86400921DEF /* HackIndia_UI */,
				D3D7D3891B56D86500921DEF /* HackIndia_UITests */,
				D3D7D3721B56D86400921DEF /* Products */,
			);
			sourceTree = "<group>";
		};
		D3D7D3721B56D86400921DEF /* Products */ = {
			isa = PBXGroup;
			children = (
				D3D7D3711B56D86400921DEF /* HackIndia_UI.app */,
				D3D7D3861B56D86500921DEF /* HackIndia_UITests.xctest */,
			);
			name = Products;
			sourceTree = "<group>";
		};
		D3D7D3731B56D86400921DEF /* HackIndia_UI */ = {
			isa = PBXGroup;
			children = (
				D3D7D3761B56D86400921DEF /* AppDelegate.swift */,
				D3D7D3781B56D86400921DEF /* ViewController.swift */,
				D3D7D37A1B56D86400921DEF /* Main.storyboard */,
				D3D7D37D1B56D86400921DEF /* Images.xcassets */,
				D3D7D37F1B56D86500921DEF /* LaunchScreen.xib */,
				D3D7D3741B56D86400921DEF /* Supporting Files */,
			);
			path = HackIndia_UI;
			sourceTree = "<group>";
		};
		D3D7D3741B56D86400921DEF /* Supporting Files */ = {
			isa = PBXGroup;
			children = (
				D3D7D3751B56D86400921DEF /* Info.plist */,
			);
			name = "Supporting Files";
			sourceTree = "<group>";
		};
		D3D7D3891B56D86500921DEF /* HackIndia_UITests */ = {
			isa = PBXGroup;
			children = (
				D3D7D38C1B56D86500921DEF /* HackIndia_UITests.swift */,
				D3D7D38A1B56D86500921DEF /* Supporting Files */,
			);
			path = HackIndia_UITests;
			sourceTree = "<group>";
		};
		D3D7D38A1B56D86500921DEF /* Supporting Files */ = {
			isa = PBXGroup;
			children = (
				D3D7D38B1B56D86500921DEF /* Info.plist */,
			);
			name = "Supporting Files";
			sourceTree = "<group>";
		};
/* End PBXGroup section */

/* Begin PBXNativeTarget section */
		D3D7D3701B56D86400921DEF /* HackIndia_UI */ = {
			isa = PBXNativeTarget;
			buildConfigurationList = D3D7D3901B56D86500921DEF /* Build configuration list for PBXNativeTarget "HackIndia_UI" */;
			buildPhases = (
				D3D7D36D1B56D86400921DEF /* Sources */,
				D3D7D36E1B56D86400921DEF /* Frameworks */,
				D3D7D36F1B56D86400921DEF /* Resources */,
			);
			buildRules = (
			);
			dependencies = (
			);
			name = HackIndia_UI;
			productName = HackIndia_UI;
			productReference = D3D7D3711B56D86400921DEF /* HackIndia_UI.app */;
			productType = "com.apple.product-type.application";
		};
		D3D7D3851B56D86500921DEF /* HackIndia_UITests */ = {
			isa = PBXNativeTarget;
			buildConfigurationList = D3D7D3931B56D86500921DEF /* Build configuration list for PBXNativeTarget "HackIndia_UITests" */;
			buildPhases = (
				D3D7D3821B56D86500921DEF /* Sources */,
				D3D7D3831B56D86500921DEF /* Frameworks */,
				D3D7D3841B56D86500921DEF /* Resources */,
			);
			buildRules = (
			);
			dependencies = (
				D3D7D3881B56D86500921DEF /* PBXTargetDependency */,
			);
			name = HackIndia_UITests;
			productName = HackIndia_UITests;
			productReference = D3D7D3861B56D86500921DEF /* HackIndia_UITests.xctest */;
			productType = "com.apple.product-type.bundle.unit-test";
		};
/* End PBXNativeTarget section */

/* Begin PBXProject section */
		D3D7D3691B56D86400921DEF /* Project object */ = {
			isa = PBXProject;
			attributes = {
				LastUpgradeCheck = 0640;
				ORGANIZATIONNAME = YASH;
				TargetAttributes = {
					D3D7D3701B56D86400921DEF = {
						CreatedOnToolsVersion = 6.4;
					};
					D3D7D3851B56D86500921DEF = {
						CreatedOnToolsVersion = 6.4;
						TestTargetID = D3D7D3701B56D86400921DEF;
					};
				};
			};
			buildConfigurationList = D3D7D36C1B56D86400921DEF /* Build configuration list for PBXProject "HackIndia_UI" */;
			compatibilityVersion = "Xcode 3.2";
			developmentRegion = English;
			hasScannedForEncodings = 0;
			knownRegions = (
				en,
				Base,
			);
			mainGroup = D3D7D3681B56D86400921DEF;
			productRefGroup = D3D7D3721B56D86400921DEF /* Products */;
			projectDirPath = "";
			projectRoot = "";
			targets = (
				D3D7D3701B56D86400921DEF /* HackIndia_UI */,
				D3D7D3851B56D86500921DEF /* HackIndia_UITests */,
			);
		};
/* End PBXProject section */

/* Begin PBXResourcesBuildPhase section */
		D3D7D36F1B56D86400921DEF /* Resources */ = {
			isa = PBXResourcesBuildPhase;
			buildActionMask = 2147483647;
			files = (
				D3D7D37C1B56D86400921DEF /* Main.storyboard in Resources */,
				D3D7D3811B56D86500921DEF /* LaunchScreen.xib in Resources */,
				D3D7D37E1B56D86400921DEF /* Images.xcassets in Resources */,
			);
			runOnlyForDeploymentPostprocessing = 0;
		};
		D3D7D3841B56D86500921DEF /* Resources */ = {
			isa = PBXResourcesBuildPhase;
			buildActionMask = 2147483647;
			files = (
			);
			runOnlyForDeploymentPostprocessing = 0;
		};
/* End PBXResourcesBuildPhase section */

/* Begin PBXSourcesBuildPhase section */
		D3D7D36D1B56D86400921DEF /* Sources */ = {
			isa = PBXSourcesBuildPhase;
			buildActionMask = 2147483647;
			files = (
				D3D7D3791B56D86400921DEF /* ViewController.swift in Sources */,
				D3D7D3771B56D86400921DEF /* AppDelegate.swift in Sources */,
			);
			runOnlyForDeploymentPostprocessing = 0;
		};
		D3D7D3821B56D86500921DEF /* Sources */ = {
			isa = PBXSourcesBuildPhase;
			buildActionMask = 2147483647;
			files = (
				D3D7D38D1B56D86500921DEF /* HackIndia_UITests.swift in Sources */,
			);
			runOnlyForDeploymentPostprocessing = 0;
		};
/* End PBXSourcesBuildPhase section */

/* Begin PBXTargetDependency section */
		D3D7D3881B56D86500921DEF /* PBXTargetDependency */ = {
			isa = PBXTargetDependency;
			target = D3D7D3701B56D86400921DEF /* HackIndia_UI */;
			targetProxy = D3D7D3871B56D86500921DEF /* PBXContainerItemProxy */;
		};
/* End PBXTargetDependency section */

/* Begin PBXVariantGroup section */
		D3D7D37A1B56D86400921DEF /* Main.storyboard */ = {
			isa = PBXVariantGroup;
			children = (
				D3D7D37B1B56D86400921DEF /* Base */,
			);
			name = Main.storyboard;
			sourceTree = "<group>";
		};
		D3D7D37F1B56D86500921DEF /* LaunchScreen.xib */ = {
			isa = PBXVariantGroup;
			children = (
				D3D7D3801B56D86500921DEF /* Base */,
			);
			name = LaunchScreen.xib;
			sourceTree = "<group>";
		};
/* End PBXVariantGroup section */

/* Begin XCBuildConfiguration section */
		D3D7D38E1B56D86500921DEF /* Debug */ = {
			isa = XCBuildConfiguration;
			buildSettings = {
				ALWAYS_SEARCH_USER_PATHS = NO;
				CLANG_CXX_LANGUAGE_STANDARD = "gnu++0x";
				CLANG_CXX_LIBRARY = "libc++";
				CLANG_ENABLE_MODULES = YES;
				CLANG_ENABLE_OBJC_ARC = YES;
				CLANG_WARN_BOOL_CONVERSION = YES;
				CLANG_WARN_CONSTANT_CONVERSION = YES;
				CLANG_WARN_DIRECT_OBJC_ISA_USAGE = YES_ERROR;
				CLANG_WARN_EMPTY_BODY = YES;
				CLANG_WARN_ENUM_CONVERSION = YES;
				CLANG_WARN_INT_CONVERSION = YES;
				CLANG_WARN_OBJC_ROOT_CLASS = YES_ERROR;
				CLANG_WARN_UNREACHABLE_CODE = YES;
				CLANG_WARN__DUPLICATE_METHOD_MATCH = YES;
				"CODE_SIGN_IDENTITY[sdk=iphoneos*]" = "iPhone Developer";
				COPY_PHASE_STRIP = NO;
				DEBUG_INFORMATION_FORMAT = "dwarf-with-dsym";
				ENABLE_STRICT_OBJC_MSGSEND = YES;
				GCC_C_LANGUAGE_STANDARD = gnu99;
				GCC_DYNAMIC_NO_PIC = NO;
				GCC_NO_COMMON_BLOCKS = YES;
				GCC_OPTIMIZATION_LEVEL = 0;
				GCC_PREPROCESSOR_DEFINITIONS = (
					"DEBUG=1",
					"$(inherited)",
				);
				GCC_SYMBOLS_PRIVATE_EXTERN = NO;
				GCC_WARN_64_TO_32_BIT_CONVERSION = YES;
				GCC_WARN_ABOUT_RETURN_TYPE = YES_ERROR;
				GCC_WARN_UNDECLARED_SELECTOR = YES;
				GCC_WARN_UNINITIALIZED_AUTOS = YES_AGGRESSIVE;
				GCC_WARN_UNUSED_FUNCTION = YES;
				GCC_WARN_UNUSED_VARIABLE = YES;
				IPHONEOS_DEPLOYMENT_TARGET = 8.4;
				MTL_ENABLE_DEBUG_INFO = YES;
				ONLY_ACTIVE_ARCH = YES;
				SDKROOT = iphoneos;
				SWIFT_OPTIMIZATION_LEVEL = "-Onone";
			};
			name = Debug;
		};
		D3D7D38F1B56D86500921DEF /* Release */ = {
			isa = XCBuildConfiguration;
			buildSettings = {
				ALWAYS_SEARCH_USER_PATHS = NO;
				CLANG_CXX_LANGUAGE_STANDARD = "gnu++0x";
				CLANG_CXX_LIBRARY = "libc++";
				CLANG_ENABLE_MODULES = YES;
				CLANG_ENABLE_OBJC_ARC = YES;
				CLANG_WARN_BOOL_CONVERSION = YES;
				CLANG_WARN_CONSTANT_CONVERSION = YES;
				CLANG_WARN_DIRECT_OBJC_ISA_USAGE = YES_ERROR;
				CLANG_WARN_EMPTY_BODY = YES;
				CLANG_WARN_ENUM_CONVERSION = YES;
				CLANG_WARN_INT_CONVERSION = YES;
				CLANG_WARN_OBJC_ROOT_CLASS = YES_ERROR;
				CLANG_WARN_UNREACHABLE_CODE = YES;
				CLANG_WARN__DUPLICATE_METHOD_MATCH = YES;
				"CODE_SIGN_IDENTITY[sdk=iphoneos*]" = "iPhone Developer";
				COPY_PHASE_STRIP = NO;
				DEBUG_INFORMATION_FORMAT = "dwarf-with-dsym";
				ENABLE_NS_ASSERTIONS = NO;
				ENABLE_STRICT_OBJC_MSGSEND = YES;
				GCC_C_LANGUAGE_STANDARD = gnu99;
				GCC_NO_COMMON_BLOCKS = YES;
				GCC_WARN_64_TO_32_BIT_CONVERSION = YES;
				GCC_WARN_ABOUT_RETURN_TYPE = YES_ERROR;
				GCC_WARN_UNDECLARED_SELECTOR = YES;
				GCC_WARN_UNINITIALIZED_AUTOS = YES_AGGRESSIVE;
				GCC_WARN_UNUSED_FUNCTION = YES;
				GCC_WARN_UNUSED_VARIABLE = YES;
				IPHONEOS_DEPLOYMENT_TARGET = 8.4;
				MTL_ENABLE_DEBUG_INFO = NO;
				SDKROOT = iphoneos;
				VALIDATE_PRODUCT = YES;
			};
			name = Release;
		};
		D3D7D3911B56D86500921DEF /* Debug */ = {
			isa = XCBuildConfiguration;
			buildSettings = {
				ASSETCATALOG_COMPILER_APPICON_NAME = AppIcon;
				INFOPLIST_FILE = HackIndia_UI/Info.plist;
				LD_RUNPATH_SEARCH_PATHS = "$(inherited) @executable_path/Frameworks";
				PRODUCT_NAME = "$(TARGET_NAME)";
			};
			name = Debug;
		};
		D3D7D3921B56D86500921DEF /* Release */ = {
			isa = XCBuildConfiguration;
			buildSettings = {
				ASSETCATALOG_COMPILER_APPICON_NAME = AppIcon;
				INFOPLIST_FILE = HackIndia_UI/Info.plist;
				LD_RUNPATH_SEARCH_PATHS = "$(inherited) @executable_path/Frameworks";
				PRODUCT_NAME = "$(TARGET_NAME)";
			};
			name = Release;
		};
		D3D7D3941B56D86500921DEF /* Debug */ = {
			isa = XCBuildConfiguration;
			buildSettings = {
				BUNDLE_LOADER = "$(TEST_HOST)";
				FRAMEWORK_SEARCH_PATHS = (
					"$(SDKROOT)/Developer/Library/Frameworks",
					"$(inherited)",
				);
				GCC_PREPROCESSOR_DEFINITIONS = (
					"DEBUG=1",
					"$(inherited)",
				);
				INFOPLIST_FILE = HackIndia_UITests/Info.plist;
				LD_RUNPATH_SEARCH_PATHS = "$(inherited) @executable_path/Frameworks @loader_path/Frameworks";
				PRODUCT_NAME = "$(TARGET_NAME)";
				TEST_HOST = "$(BUILT_PRODUCTS_DIR)/HackIndia_UI.app/HackIndia_UI";
			};
			name = Debug;
		};
		D3D7D3951B56D86500921DEF /* Release */ = {
			isa = XCBuildConfiguration;
			buildSettings = {
				BUNDLE_LOADER = "$(TEST_HOST)";
				FRAMEWORK_SEARCH_PATHS = (
					"$(SDKROOT)/Developer/Library/Frameworks",
					"$(inherited)",
				);
				INFOPLIST_FILE = HackIndia_UITests/Info.plist;
				LD_RUNPATH_SEARCH_PATHS = "$(inherited) @executable_path/Frameworks @loader_path/Frameworks";
				PRODUCT_NAME = "$(TARGET_NAME)";
				TEST_HOST = "$(BUILT_PRODUCTS_DIR)/HackIndia_UI.app/HackIndia_UI";
			};
			name = Release;
		};
/* End XCBuildConfiguration section */

/* Begin XCConfigurationList section */
		D3D7D36C1B56D86400921DEF /* Build configuration list for PBXProject "HackIndia_UI" */ = {
			isa = XCConfigurationList;
			buildConfigurations = (
				D3D7D38E1B56D86500921DEF /* Debug */,
				D3D7D38F1B56D86500921DEF /* Release */,
			);
			defaultConfigurationIsVisible = 0;
			defaultConfigurationName = Release;
		};
		D3D7D3901B56D86500921DEF /* Build configuration list for PBXNativeTarget "HackIndia_UI" */ = {
			isa = XCConfigurationList;
			buildConfigurations = (
				D3D7D3911B56D86500921DEF /* Debug */,
				D3D7D3921B56D86500921DEF /* Release */,
			);
			defaultConfigurationIsVisible = 0;
		};
		D3D7D3931B56D86500921DEF /* Build configuration list for PBXNativeTarget "HackIndia_UITests" */ = {
			isa = XCConfigurationList;
			buildConfigurations = (
				D3D7D3941B56D86500921DEF /* Debug */,
				D3D7D3951B56D86500921DEF /* Release */,
			);
			defaultConfigurationIsVisible = 0;
		};
/* End XCConfigurationList section */
	};
	rootObject = D3D7D3691B56D86400921DEF /* Project object */;
}
